
Microsoft Visual Studio Solution File, Format Version 12.00
Project("{FAE04EC0-301F-11D3-BF4B-00C04F79EFBC}") = "CSharp_DesignPatterns", "CSharp_DesignPatterns\CSharp_DesignPatterns.csproj", "{3BB21110-FD30-47E4-8803-737C0E770B49}"
EndProject
Project("{2150E333-8FDC-42A3-9474-1A3956D46DE8}") = "Patterns_1", "Patterns_1", "{923751F2-1F4A-496A-B748-CB2855C8B439}"
EndProject
Project("{FAE04EC0-301F-11D3-BF4B-00C04F79EFBC}") = "FabricMethod", "FabricMethod\FabricMethod.csproj", "{306BE0C0-272E-4007-A67A-C79716FF0343}"
EndProject
Project("{FAE04EC0-301F-11D3-BF4B-00C04F79EFBC}") = "AbstractFactory", "AbstractFactory\AbstractFactory.csproj", "{14E3DD6E-0AA0-4843-87C7-20C9586524DC}"
EndProject
Project("{FAE04EC0-301F-11D3-BF4B-00C04F79EFBC}") = "Builder", "Builder\Builder.csproj", "{2BAC64E5-8E99-4406-AB4A-49A5F8B3D5CC}"
EndProject
Project("{FAE04EC0-301F-11D3-BF4B-00C04F79EFBC}") = "Patterns_2", "Patterns_2\Patterns_2.csproj", "{796784E5-B007-4F60-AEB2-23C7149C55B2}"
EndProject
Project("{FAE04EC0-301F-11D3-BF4B-00C04F79EFBC}") = "Patterns_3", "Patterns_3\Patterns_3.csproj", "{4220D200-5EA2-4D79-BA49-5FC7D3DF7C32}"
EndProject
Global
	GlobalSection(SolutionConfigurationPlatforms) = preSolution
		Debug|Any CPU = Debug|Any CPU
		Release|Any CPU = Release|Any CPU
	EndGlobalSection
	GlobalSection(ProjectConfigurationPlatforms) = postSolution
		{3BB21110-FD30-47E4-8803-737C0E770B49}.Debug|Any CPU.ActiveCfg = Debug|Any CPU
		{3BB21110-FD30-47E4-8803-737C0E770B49}.Debug|Any CPU.Build.0 = Debug|Any CPU
		{3BB21110-FD30-47E4-8803-737C0E770B49}.Release|Any CPU.ActiveCfg = Release|Any CPU
		{3BB21110-FD30-47E4-8803-737C0E770B49}.Release|Any CPU.Build.0 = Release|Any CPU
		{306BE0C0-272E-4007-A67A-C79716FF0343}.Debug|Any CPU.ActiveCfg = Debug|Any CPU
		{306BE0C0-272E-4007-A67A-C79716FF0343}.Debug|Any CPU.Build.0 = Debug|Any CPU
		{306BE0C0-272E-4007-A67A-C79716FF0343}.Release|Any CPU.ActiveCfg = Release|Any CPU
		{306BE0C0-272E-4007-A67A-C79716FF0343}.Release|Any CPU.Build.0 = Release|Any CPU
		{14E3DD6E-0AA0-4843-87C7-20C9586524DC}.Debug|Any CPU.ActiveCfg = Debug|Any CPU
		{14E3DD6E-0AA0-4843-87C7-20C9586524DC}.Debug|Any CPU.Build.0 = Debug|Any CPU
		{14E3DD6E-0AA0-4843-87C7-20C9586524DC}.Release|Any CPU.ActiveCfg = Release|Any CPU
		{14E3DD6E-0AA0-4843-87C7-20C9586524DC}.Release|Any CPU.Build.0 = Release|Any CPU
		{2BAC64E5-8E99-4406-AB4A-49A5F8B3D5CC}.Debug|Any CPU.ActiveCfg = Debug|Any CPU
		{2BAC64E5-8E99-4406-AB4A-49A5F8B3D5CC}.Debug|Any CPU.Build.0 = Debug|Any CPU
		{2BAC64E5-8E99-4406-AB4A-49A5F8B3D5CC}.Release|Any CPU.ActiveCfg = Release|Any CPU
		{2BAC64E5-8E99-4406-AB4A-49A5F8B3D5CC}.Release|Any CPU.Build.0 = Release|Any CPU
		{796784E5-B007-4F60-AEB2-23C7149C55B2}.Debug|Any CPU.ActiveCfg = Debug|Any CPU
		{796784E5-B007-4F60-AEB2-23C7149C55B2}.Debug|Any CPU.Build.0 = Debug|Any CPU
		{796784E5-B007-4F60-AEB2-23C7149C55B2}.Release|Any CPU.ActiveCfg = Release|Any CPU
		{796784E5-B007-4F60-AEB2-23C7149C55B2}.Release|Any CPU.Build.0 = Release|Any CPU
		{4220D200-5EA2-4D79-BA49-5FC7D3DF7C32}.Debug|Any CPU.ActiveCfg = Debug|Any CPU
		{4220D200-5EA2-4D79-BA49-5FC7D3DF7C32}.Debug|Any CPU.Build.0 = Debug|Any CPU
		{4220D200-5EA2-4D79-BA49-5FC7D3DF7C32}.Release|Any CPU.ActiveCfg = Release|Any CPU
		{4220D200-5EA2-4D79-BA49-5FC7D3DF7C32}.Release|Any CPU.Build.0 = Release|Any CPU
	EndGlobalSection
	GlobalSection(NestedProjects) = preSolution
		{306BE0C0-272E-4007-A67A-C79716FF0343} = {923751F2-1F4A-496A-B748-CB2855C8B439}
		{14E3DD6E-0AA0-4843-87C7-20C9586524DC} = {923751F2-1F4A-496A-B748-CB2855C8B439}
		{2BAC64E5-8E99-4406-AB4A-49A5F8B3D5CC} = {923751F2-1F4A-496A-B748-CB2855C8B439}
	EndGlobalSection
EndGlobal
